# This file is automatically @generated by Cargo.
# It is not intended for manual editing.
version = 4

[[package]]
name = "adler2"
version = "2.0.1"
source = "registry+https://github.com/rust-lang/crates.io-index"
checksum = "320119579fcad9c21884f5c4861d16174d0e06250625266f50fe6898340abefa"

[[package]]
name = "android_system_properties"
version = "0.1.5"
source = "registry+https://github.com/rust-lang/crates.io-index"
checksum = "819e7219dbd41043ac279b19830f2efc897156490d7fd6ea916720117ee66311"
dependencies = [
 "libc",
]

[[package]]
name = "anyhow"
version = "1.0.102"
source = "registry+https://github.com/rust-lang/crates.io-index"
checksum = "7f202df86484c868dbad7eaa557ef785d5c66295e41b460ef922eca0723b842c"

[[package]]
name = "autocfg"
version = "1.5.0"
source = "registry+https://github.com/rust-lang/crates.io-index"
checksum = "c08606f8c3cbf4ce6ec8e28fb0014a2c086708fe954eaa885384a6165172e7e8"

[[package]]
name = "bitflags"
version = "2.11.0"
source = "registry+https://github.com/rust-lang/crates.io-index"
checksum = "843867be96c8daad0d758b57df9392b6d8d271134fce549de6ce169ff98a92af"
dependencies = [
 "serde_core",
]

[[package]]
name = "block-buffer"
version = "0.10.4"
source = "registry+https://github.com/rust-lang/crates.io-index"
checksum = "3078c7629b62d3f0439517fa394996acacc5cbc91c5a20d8c658e77abd503a71"
dependencies = [
 "generic-array",
]

[[package]]
name = "block2"
version = "0.6.2"
source = "registry+https://github.com/rust-lang/crates.io-index"
checksum = "cdeb9d870516001442e364c5220d3574d2da8dc765554b4a617230d33fa58ef5"
dependencies = [
 "objc2",
]

[[package]]
name = "bumpalo"
version = "3.20.2"
source = "registry+https://github.com/rust-lang/crates.io-index"
checksum = "5d20789868f4b01b2f2caec9f5c4e0213b41e3e5702a50157d699ae31ced2fcb"

[[package]]
name = "bytemuck"
version = "1.25.0"
source = "registry+https://github.com/rust-lang/crates.io-index"
checksum = "c8efb64bd706a16a1bdde310ae86b351e4d21550d98d056f22f8a7f7a2183fec"

[[package]]
name = "byteorder-lite"
version = "0.1.0"
source = "registry+https://github.com/rust-lang/crates.io-index"
checksum = "8f1fe948ff07f4bd06c30984e69f5b4899c516a3ef74f34df92a2df2ab535495"

[[package]]
name = "cc"
version = "1.2.60"
source = "registry+https://github.com/rust-lang/crates.io-index"
checksum = "43c5703da9466b66a946814e1adf53ea2c90f10063b86290cc9eb67ce3478a20"
dependencies = [
 "find-msvc-tools",
 "shlex",
]

[[package]]
name = "cfg-if"
version = "1.0.4"
source = "registry+https://github.com/rust-lang/crates.io-index"
checksum = "9330f8b2ff13f34540b44e946ef35111825727b38d33286ef986142615121801"

[[package]]
name = "cfg_aliases"
version = "0.2.1"
source = "registry+https://github.com/rust-lang/crates.io-index"
checksum = "613afe47fcd5fac7ccf1db93babcb082c5994d996f20b8b159f2ad1658eb5724"

[[package]]
name = "chrono"
version = "0.4.44"
source = "registry+https://github.com/rust-lang/crates.io-index"
checksum = "c673075a2e0e5f4a1dde27ce9dee1ea4558c7ffe648f576438a20ca1d2acc4b0"
dependencies = [
 "iana-time-zone",
 "num-traits",
 "windows-link 0.2.1",
]

[[package]]
name = "colored"
version = "2.2.0"
source = "registry+https://github.com/rust-lang/crates.io-index"
checksum = "117725a109d387c937a1533ce01b450cbde6b88abceea8473c4d7a85853cda3c"
dependencies = [
 "lazy_static",
 "windows-sys 0.59.0",
]

[[package]]
name = "config"
version = "0.15.22"
source = "registry+https://github.com/rust-lang/crates.io-index"
checksum = "8e68cfe19cd7d23ffde002c24ffa5cda73931913ef394d5eaaa32037dc940c0c"
dependencies = [
 "libcorn",
 "pathdiff",
 "ron",
 "serde_core",
 "toml",
 "winnow",
]

[[package]]
name = "core-foundation-sys"
version = "0.8.7"
source = "registry+https://github.com/rust-lang/crates.io-index"
checksum = "773648b94d0e5d620f64f280777445740e61fe701025087ec8b57f45c791888b"

[[package]]
name = "cpufeatures"
version = "0.2.17"
source = "registry+https://github.com/rust-lang/crates.io-index"
checksum = "59ed5838eebb26a2bb2e58f6d5b5316989ae9d08bab10e0e6d103e656d1b0280"
dependencies = [
 "libc",
]

[[package]]
name = "crc32fast"
version = "1.5.0"
source = "registry+https://github.com/rust-lang/crates.io-index"
checksum = "9481c1c90cbf2ac953f07c8d4a58aa3945c425b7185c9154d67a65e4230da511"
dependencies = [
 "cfg-if",
]

[[package]]
name = "crypto-common"
version = "0.1.7"
source = "registry+https://github.com/rust-lang/crates.io-index"
checksum = "78c8292055d1c1df0cce5d180393dc8cce0abec0a7102adb6c7b1eef6016d60a"
dependencies = [
 "generic-array",
 "typenum",
]

[[package]]
name = "ctrlc"
version = "3.5.2"
source = "registry+https://github.com/rust-lang/crates.io-index"
checksum = "e0b1fab2ae45819af2d0731d60f2afe17227ebb1a1538a236da84c93e9a60162"
dependencies = [
 "dispatch2",
 "nix",
 "windows-sys 0.61.2",
]

[[package]]
name = "digest"
version = "0.10.7"
source = "registry+https://github.com/rust-lang/crates.io-index"
checksum = "9ed9a281f7bc9b7576e61468ba615a66a5c8cfdff42420a70aa82701a3b1e292"
dependencies = [
 "block-buffer",
 "crypto-common",
]

[[package]]
name = "dispatch2"
version = "0.3.1"
source = "registry+https://github.com/rust-lang/crates.io-index"
checksum = "1e0e367e4e7da84520dedcac1901e4da967309406d1e51017ae1abfb97adbd38"
dependencies = [
 "bitflags",
 "block2",
 "libc",
 "objc2",
]

[[package]]
name = "equivalent"
version = "1.0.2"
source = "registry+https://github.com/rust-lang/crates.io-index"
checksum = "877a4ace8713b0bcf2a4e7eec82529c029f1d0619886d18145fea96c3ffe5c0f"

[[package]]
name = "fdeflate"
version = "0.3.7"
source = "registry+https://github.com/rust-lang/crates.io-index"
checksum = "1e6853b52649d4ac5c0bd02320cddc5ba956bdb407c4b75a2c6b75bf51500f8c"
dependencies = [
 "simd-adler32",
]

[[package]]
name = "fern"
version = "0.7.1"
source = "registry+https://github.com/rust-lang/crates.io-index"
checksum = "4316185f709b23713e41e3195f90edef7fb00c3ed4adc79769cf09cc762a3b29"
dependencies = [
 "colored",
 "log",
]

[[package]]
name = "find-msvc-tools"
version = "0.1.9"
source = "registry+https://github.com/rust-lang/crates.io-index"
checksum = "5baebc0774151f905a1a2cc41989300b1e6fbb29aff0ceffa1064fdd3088d582"

[[package]]
name = "flate2"
version = "1.1.9"
source = "registry+https://github.com/rust-lang/crates.io-index"
checksum = "843fba2746e448b37e26a819579957415c8cef339bf08564fe8b7ddbd959573c"
dependencies = [
 "crc32fast",
 "miniz_oxide",
]

[[package]]
name = "font8x8"
version = "0.3.1"
source = "registry+https://github.com/rust-lang/crates.io-index"
checksum = "875488b8711a968268c7cf5d139578713097ca4635a76044e8fe8eedf831d07e"

[[package]]
name = "generic-array"
version = "0.14.7"
source = "registry+https://github.com/rust-lang/crates.io-index"
checksum = "85649ca51fd72272d7821adaf274ad91c288277713d9c18820d8499a7ff69e9a"
dependencies = [
 "typenum",
 "version_check",
]

[[package]]
name = "hashbrown"
version = "0.17.0"
source = "registry+https://github.com/rust-lang/crates.io-index"
checksum = "4f467dd6dccf739c208452f8014c75c18bb8301b050ad1cfb27153803edb0f51"

[[package]]
name = "hidapi"
version = "2.6.5"
source = "registry+https://github.com/rust-lang/crates.io-index"
checksum = "d1b71e1f4791fb9e93b9d7ee03d70b501ab48f6151432fbcadeabc30fe15396e"
dependencies = [
 "cc",
 "cfg-if",
 "libc",
 "pkg-config",
 "windows-sys 0.61.2",
]

[[package]]
name = "humantime"
version = "2.3.0"
source = "registry+https://github.com/rust-lang/crates.io-index"
checksum = "135b12329e5e3ce057a9f972339ea52bc954fe1e9358ef27f95e89716fbc5424"

[[package]]
name = "iana-time-zone"
version = "0.1.65"
source = "registry+https://github.com/rust-lang/crates.io-index"
checksum = "e31bc9ad994ba00e440a8aa5c9ef0ec67d5cb5e5cb0cc7f8b744a35b389cc470"
dependencies = [
 "android_system_properties",
 "core-foundation-sys",
 "iana-time-zone-haiku",
 "js-sys",
 "log",
 "wasm-bindgen",
 "windows-core 0.62.2",
]

[[package]]
name = "iana-time-zone-haiku"
version = "0.1.2"
source = "registry+https://github.com/rust-lang/crates.io-index"
checksum = "f31827a206f56af32e590ba56d5d2d085f558508192593743f16b2306495269f"
dependencies = [
 "cc",
]

[[package]]
name = "image"
version = "0.25.10"
source = "registry+https://github.com/rust-lang/crates.io-index"
checksum = "85ab80394333c02fe689eaf900ab500fbd0c2213da414687ebf995a65d5a6104"
dependencies = [
 "bytemuck",
 "byteorder-lite",
 "image-webp",
 "moxcms",
 "num-traits",
 "png",
 "zune-core",
 "zune-jpeg",
]

[[package]]
name = "image-webp"
version = "0.2.4"
source = "registry+https://github.com/rust-lang/crates.io-index"
checksum = "525e9ff3e1a4be2fbea1fdf0e98686a6d98b4d8f937e1bf7402245af1909e8c3"
dependencies = [
 "byteorder-lite",
 "quick-error",
]

[[package]]
name = "indexmap"
version = "2.14.0"
source = "registry+https://github.com/rust-lang/crates.io-index"
checksum = "d466e9454f08e4a911e14806c24e16fba1b4c121d1ea474396f396069cf949d9"
dependencies = [
 "equivalent",
 "hashbrown",
 "serde",
 "serde_core",
]

[[package]]
name = "js-sys"
version = "0.3.95"
source = "registry+https://github.com/rust-lang/crates.io-index"
checksum = "2964e92d1d9dc3364cae4d718d93f227e3abb088e747d92e0395bfdedf1c12ca"
dependencies = [
 "once_cell",
 "wasm-bindgen",
]

[[package]]
name = "lazy_static"
version = "1.5.0"
source = "registry+https://github.com/rust-lang/crates.io-index"
checksum = "bbd2bcb4c963f2ddae06a2efc7e9f3591312473c50c6685e1f298068316e66fe"

[[package]]
name = "lcdd"
version = "0.1.0"
dependencies = [
 "anyhow",
 "chrono",
 "config",
 "ctrlc",
 "fern",
 "font8x8",
 "hidapi",
 "humantime",
 "image",
 "log",
 "serde",
 "sysinfo",
]

[[package]]
name = "libc"
version = "0.2.184"
source = "registry+https://github.com/rust-lang/crates.io-index"
checksum = "48f5d2a454e16a5ea0f4ced81bd44e4cfc7bd3a507b61887c99fd3538b28e4af"

[[package]]
name = "libcorn"
version = "0.10.1"
source = "registry+https://github.com/rust-lang/crates.io-index"
checksum = "4cbe123d43f1351417f3b13e643bfce6c32590ca218226f1dc0c0dc9de2fbcdc"
dependencies = [
 "indexmap",
 "pest",
 "pest_derive",
 "serde",
 "thiserror",
]

[[package]]
name = "log"
version = "0.4.29"
source = "registry+https://github.com/rust-lang/crates.io-index"
checksum = "5e5032e24019045c762d3c0f28f5b6b8bbf38563a65908389bf7978758920897"

[[package]]
name = "memchr"
version = "2.8.0"
source = "registry+https://github.com/rust-lang/crates.io-index"
checksum = "f8ca58f447f06ed17d5fc4043ce1b10dd205e060fb3ce5b979b8ed8e59ff3f79"

[[package]]
name = "miniz_oxide"
version = "0.8.9"
source = "registry+https://github.com/rust-lang/crates.io-index"
checksum = "1fa76a2c86f704bdb222d66965fb3d63269ce38518b83cb0575fca855ebb6316"
dependencies = [
 "adler2",
 "simd-adler32",
]

[[package]]
name = "moxcms"
version = "0.8.1"
source = "registry+https://github.com/rust-lang/crates.io-index"
checksum = "bb85c154ba489f01b25c0d36ae69a87e4a1c73a72631fc6c0eb6dde34a73e44b"
dependencies = [
 "num-traits",
 "pxfm",
]

[[package]]
name = "nix"
version = "0.31.2"
source = "registry+https://github.com/rust-lang/crates.io-index"
checksum = "5d6d0705320c1e6ba1d912b5e37cf18071b6c2e9b7fa8215a1e8a7651966f5d3"
dependencies = [
 "bitflags",
 "cfg-if",
 "cfg_aliases",
 "libc",
]

[[package]]
name = "ntapi"
version = "0.4.3"
source = "registry+https://github.com/rust-lang/crates.io-index"
checksum = "c3b335231dfd352ffb0f8017f3b6027a4917f7df785ea2143d8af2adc66980ae"
dependencies = [
 "winapi",
]

[[package]]
name = "num-traits"
version = "0.2.19"
source = "registry+https://github.com/rust-lang/crates.io-index"
checksum = "071dfc062690e90b734c0b2273ce72ad0ffa95f0c74596bc250dcfd960262841"
dependencies = [
 "autocfg",
]

[[package]]
name = "objc2"
version = "0.6.4"
source = "registry+https://github.com/rust-lang/crates.io-index"
checksum = "3a12a8ed07aefc768292f076dc3ac8c48f3781c8f2d5851dd3d98950e8c5a89f"
dependencies = [
 "objc2-encode",
]

[[package]]
name = "objc2-core-foundation"
version = "0.3.2"
source = "registry+https://github.com/rust-lang/crates.io-index"
checksum = "2a180dd8642fa45cdb7dd721cd4c11b1cadd4929ce112ebd8b9f5803cc79d536"
dependencies = [
 "bitflags",
]

[[package]]
name = "objc2-encode"
version = "4.1.0"
source = "registry+https://github.com/rust-lang/crates.io-index"
checksum = "ef25abbcd74fb2609453eb695bd2f860d389e457f67dc17cafc8b8cbc89d0c33"

[[package]]
name = "objc2-io-kit"
version = "0.3.2"
source = "registry+https://github.com/rust-lang/crates.io-index"
checksum = "33fafba39597d6dc1fb709123dfa8289d39406734be322956a69f0931c73bb15"
dependencies = [
 "libc",
 "objc2-core-foundation",
]

[[package]]
name = "once_cell"
version = "1.21.4"
source = "registry+https://github.com/rust-lang/crates.io-index"
checksum = "9f7c3e4beb33f85d45ae3e3a1792185706c8e16d043238c593331cc7cd313b50"

[[package]]
name = "pathdiff"
version = "0.2.3"
source = "registry+https://github.com/rust-lang/crates.io-index"
checksum = "df94ce210e5bc13cb6651479fa48d14f601d9858cfe0467f43ae157023b938d3"

[[package]]
name = "pest"
version = "2.8.6"
source = "registry+https://github.com/rust-lang/crates.io-index"
checksum = "e0848c601009d37dfa3430c4666e147e49cdcf1b92ecd3e63657d8a5f19da662"
dependencies = [
 "memchr",
 "ucd-trie",
]

[[package]]
name = "pest_derive"
version = "2.8.6"
source = "registry+https://github.com/rust-lang/crates.io-index"
checksum = "11f486f1ea21e6c10ed15d5a7c77165d0ee443402f0780849d1768e7d9d6fe77"
dependencies = [
 "pest",
 "pest_generator",
]

[[package]]
name = "pest_generator"
version = "2.8.6"
source = "registry+https://github.com/rust-lang/crates.io-index"
checksum = "8040c4647b13b210a963c1ed407c1ff4fdfa01c31d6d2a098218702e6664f94f"
dependencies = [
 "pest",
 "pest_meta",
 "proc-macro2",
 "quote",
 "syn",
]

[[package]]
name = "pest_meta"
version = "2.8.6"
source = "registry+https://github.com/rust-lang/crates.io-index"
checksum = "89815c69d36021a140146f26659a81d6c2afa33d216d736dd4be5381a7362220"
dependencies = [
 "pest",
 "sha2",
]

[[package]]
name = "pkg-config"
version = "0.3.32"
source = "registry+https://github.com/rust-lang/crates.io-index"
checksum = "7edddbd0b52d732b21ad9a5fab5c704c14cd949e5e9a1ec5929a24fded1b904c"

[[package]]
name = "png"
version = "0.18.1"
source = "registry+https://github.com/rust-lang/crates.io-index"
checksum = "60769b8b31b2a9f263dae2776c37b1b28ae246943cf719eb6946a1db05128a61"
dependencies = [
 "bitflags",
 "crc32fast",
 "fdeflate",
 "flate2",
 "miniz_oxide",
]

[[package]]
name = "proc-macro2"
version = "1.0.106"
source = "registry+https://github.com/rust-lang/crates.io-index"
checksum = "8fd00f0bb2e90d81d1044c2b32617f68fcb9fa3bb7640c23e9c748e53fb30934"
dependencies = [
 "unicode-ident",
]

[[package]]
name = "pxfm"
version = "0.1.28"
source = "registry+https://github.com/rust-lang/crates.io-index"
checksum = "b5a041e753da8b807c9255f28de81879c78c876392ff2469cde94799b2896b9d"

[[package]]
name = "quick-error"
version = "2.0.1"
source = "registry+https://github.com/rust-lang/crates.io-index"
checksum = "a993555f31e5a609f617c12db6250dedcac1b0a85076912c436e6fc9b2c8e6a3"

[[package]]
name = "quote"
version = "1.0.45"
source = "registry+https://github.com/rust-lang/crates.io-index"
checksum = "41f2619966050689382d2b44f664f4bc593e129785a36d6ee376ddf37259b924"
dependencies = [
 "proc-macro2",
]

[[package]]
name = "ron"
version = "0.12.1"
source = "registry+https://github.com/rust-lang/crates.io-index"
checksum = "4147b952f3f819eca0e99527022f7d6a8d05f111aeb0a62960c74eb283bec8fc"
dependencies = [
 "bitflags",
 "once_cell",
 "serde",
 "serde_derive",
 "typeid",
 "unicode-ident",
]

[[package]]
name = "rustversion"
version = "1.0.22"
source = "registry+https://github.com/rust-lang/crates.io-index"
checksum = "b39cdef0fa800fc44525c84ccb54a029961a8215f9619753635a9c0d2538d46d"

[[package]]
name = "serde"
version = "1.0.228"
source = "registry+https://github.com/rust-lang/crates.io-index"
checksum = "9a8e94ea7f378bd32cbbd37198a4a91436180c5bb472411e48b5ec2e2124ae9e"
dependencies = [
 "serde_core",
 "serde_derive",
]

[[package]]
name = "serde_core"
version = "1.0.228"
source = "registry+https://github.com/rust-lang/crates.io-index"
checksum = "41d385c7d4ca58e59fc732af25c3983b67ac852c1a25000afe1175de458b67ad"
dependencies = [
 "serde_derive",
]

[[package]]
name = "serde_derive"
version = "1.0.228"
source = "registry+https://github.com/rust-lang/crates.io-index"
checksum = "d540f220d3187173da220f885ab66608367b6574e925011a9353e4badda91d79"
dependencies = [
 "proc-macro2",
 "quote",
 "syn",
]

[[package]]
name = "serde_spanned"
version = "1.1.1"
source = "registry+https://github.com/rust-lang/crates.io-index"
checksum = "6662b5879511e06e8999a8a235d848113e942c9124f211511b16466ee2995f26"
dependencies = [
 "serde_core",
]

[[package]]
name = "sha2"
version = "0.10.9"
source = "registry+https://github.com/rust-lang/crates.io-index"
checksum = "a7507d819769d01a365ab707794a4084392c824f54a7a6a7862f8c3d0892b283"
dependencies = [
 "cfg-if",
 "cpufeatures",
 "digest",
]

[[package]]
name = "shlex"
version = "1.3.0"
source = "registry+https://github.com/rust-lang/crates.io-index"
checksum = "0fda2ff0d084019ba4d7c6f371c95d8fd75ce3524c3cb8fb653a3023f6323e64"

[[package]]
name = "simd-adler32"
version = "0.3.9"
source = "registry+https://github.com/rust-lang/crates.io-index"
checksum = "703d5c7ef118737c72f1af64ad2f6f8c5e1921f818cdcb97b8fe6fc69bf66214"

[[package]]
name = "syn"
version = "2.0.117"
source = "registry+https://github.com/rust-lang/crates.io-index"
checksum = "e665b8803e7b1d2a727f4023456bbbbe74da67099c585258af0ad9c5013b9b99"
dependencies = [
 "proc-macro2",
 "quote",
 "unicode-ident",
]

[[package]]
name = "sysinfo"
version = "0.37.2"
source = "registry+https://github.com/rust-lang/crates.io-index"
checksum = "16607d5caffd1c07ce073528f9ed972d88db15dd44023fa57142963be3feb11f"
dependencies = [
 "libc",
 "memchr",
 "ntapi",
 "objc2-core-foundation",
 "objc2-io-kit",
 "windows",
]

[[package]]
name = "thiserror"
version = "2.0.18"
source = "registry+https://github.com/rust-lang/crates.io-index"
checksum = "4288b5bcbc7920c07a1149a35cf9590a2aa808e0bc1eafaade0b80947865fbc4"
dependencies = [
 "thiserror-impl",
]

[[package]]
name = "thiserror-impl"
version = "2.0.18"
source = "registry+https://github.com/rust-lang/crates.io-index"
checksum = "ebc4ee7f67670e9b64d05fa4253e753e016c6c95ff35b89b7941d6b856dec1d5"
dependencies = [
 "proc-macro2",
 "quote",
 "syn",
]

[[package]]
name = "toml"
version = "1.1.2+spec-1.1.0"
source = "registry+https://github.com/rust-lang/crates.io-index"
checksum = "81f3d15e84cbcd896376e6730314d59fb5a87f31e4b038454184435cd57defee"
dependencies = [
 "serde_core",
 "serde_spanned",
 "toml_datetime",
 "toml_parser",
 "winnow",
]

[[package]]
name = "toml_datetime"
version = "1.1.1+spec-1.1.0"
source = "registry+https://github.com/rust-lang/crates.io-index"
checksum = "3165f65f62e28e0115a00b2ebdd37eb6f3b641855f9d636d3cd4103767159ad7"
dependencies = [
 "serde_core",
]

[[package]]
name = "toml_parser"
version = "1.1.2+spec-1.1.0"
source = "registry+https://github.com/rust-lang/crates.io-index"
checksum = "a2abe9b86193656635d2411dc43050282ca48aa31c2451210f4202550afb7526"
dependencies = [
 "winnow",
]

[[package]]
name = "typeid"
version = "1.0.3"
source = "registry+https://github.com/rust-lang/crates.io-index"
checksum = "bc7d623258602320d5c55d1bc22793b57daff0ec7efc270ea7d55ce1d5f5471c"

[[package]]
name = "typenum"
version = "1.19.0"
source = "registry+https://github.com/rust-lang/crates.io-index"
checksum = "562d481066bde0658276a35467c4af00bdc6ee726305698a55b86e61d7ad82bb"

[[package]]
name = "ucd-trie"
version = "0.1.7"
source = "registry+https://github.com/rust-lang/crates.io-index"
checksum = "2896d95c02a80c6d6a5d6e953d479f5ddf2dfdb6a244441010e373ac0fb88971"

[[package]]
name = "unicode-ident"
version = "1.0.24"
source = "registry+https://github.com/rust-lang/crates.io-index"
checksum = "e6e4313cd5fcd3dad5cafa179702e2b244f760991f45397d14d4ebf38247da75"

[[package]]
name = "version_check"
version = "0.9.5"
source = "registry+https://github.com/rust-lang/crates.io-index"
checksum = "0b928f33d975fc6ad9f86c8f283853ad26bdd5b10b7f1542aa2fa15e2289105a"

[[package]]
name = "wasm-bindgen"
version = "0.2.118"
source = "registry+https://github.com/rust-lang/crates.io-index"
checksum = "0bf938a0bacb0469e83c1e148908bd7d5a6010354cf4fb73279b7447422e3a89"
dependencies = [
 "cfg-if",
 "once_cell",
 "rustversion",
 "wasm-bindgen-macro",
 "wasm-bindgen-shared",
]

[[package]]
name = "wasm-bindgen-macro"
version = "0.2.118"
source = "registry+https://github.com/rust-lang/crates.io-index"
checksum = "eeff24f84126c0ec2db7a449f0c2ec963c6a49efe0698c4242929da037ca28ed"
dependencies = [
 "quote",
 "wasm-bindgen-macro-support",
]

[[package]]
name = "wasm-bindgen-macro-support"
version = "0.2.118"
source = "registry+https://github.com/rust-lang/crates.io-index"
checksum = "9d08065faf983b2b80a79fd87d8254c409281cf7de75fc4b773019824196c904"
dependencies = [
 "bumpalo",
 "proc-macro2",
 "quote",
 "syn",
 "wasm-bindgen-shared",
]

[[package]]
name = "wasm-bindgen-shared"
version = "0.2.118"
source = "registry+https://github.com/rust-lang/crates.io-index"
checksum = "5fd04d9e306f1907bd13c6361b5c6bfc7b3b3c095ed3f8a9246390f8dbdee129"
dependencies = [
 "unicode-ident",
]

[[package]]
name = "winapi"
version = "0.3.9"
source = "registry+https://github.com/rust-lang/crates.io-index"
checksum = "5c839a674fcd7a98952e593242ea400abe93992746761e38641405d28b00f419"
dependencies = [
 "winapi-i686-pc-windows-gnu",
 "winapi-x86_64-pc-windows-gnu",
]

[[package]]
name = "winapi-i686-pc-windows-gnu"
version = "0.4.0"
source = "registry+https://github.com/rust-lang/crates.io-index"
checksum = "ac3b87c63620426dd9b991e5ce0329eff545bccbbb34f3be09ff6fb6ab51b7b6"

[[package]]
name = "winapi-x86_64-pc-windows-gnu"
version = "0.4.0"
source = "registry+https://github.com/rust-lang/crates.io-index"
checksum = "712e227841d057c1ee1cd2fb22fa7e5a5461ae8e48fa2ca79ec42cfc1931183f"

[[package]]
name = "windows"
version = "0.61.3"
source = "registry+https://github.com/rust-lang/crates.io-index"
checksum = "9babd3a767a4c1aef6900409f85f5d53ce2544ccdfaa86dad48c91782c6d6893"
dependencies = [
 "windows-collections",
 "windows-core 0.61.2",
 "windows-future",
 "windows-link 0.1.3",
 "windows-numerics",
]

[[package]]
name = "windows-collections"
version = "0.2.0"
source = "registry+https://github.com/rust-lang/crates.io-index"
checksum = "3beeceb5e5cfd9eb1d76b381630e82c4241ccd0d27f1a39ed41b2760b255c5e8"
dependencies = [
 "windows-core 0.61.2",
]

[[package]]
name = "windows-core"
version = "0.61.2"
source = "registry+https://github.com/rust-lang/crates.io-index"
checksum = "c0fdd3ddb90610c7638aa2b3a3ab2904fb9e5cdbecc643ddb3647212781c4ae3"
dependencies = [
 "windows-implement",
 "windows-interface",
 "windows-link 0.1.3",
 "windows-result 0.3.4",
 "windows-strings 0.4.2",
]

[[package]]
name = "windows-core"
version = "0.62.2"
source = "registry+https://github.com/rust-lang/crates.io-index"
checksum = "b8e83a14d34d0623b51dce9581199302a221863196a1dde71a7663a4c2be9deb"
dependencies = [
 "windows-implement",
 "windows-interface",
 "windows-link 0.2.1",
 "windows-result 0.4.1",
 "windows-strings 0.5.1",
]

[[package]]
name = "windows-future"
version = "0.2.1"
source = "registry+https://github.com/rust-lang/crates.io-index"
checksum = "fc6a41e98427b19fe4b73c550f060b59fa592d7d686537eebf9385621bfbad8e"
dependencies = [
 "windows-core 0.61.2",
 "windows-link 0.1.3",
 "windows-threading",
]

[[package]]
name = "windows-implement"
version = "0.60.2"
source = "registry+https://github.com/rust-lang/crates.io-index"
checksum = "053e2e040ab57b9dc951b72c264860db7eb3b0200ba345b4e4c3b14f67855ddf"
dependencies = [
 "proc-macro2",
 "quote",
 "syn",
]

[[package]]
name = "windows-interface"
version = "0.59.3"
source = "registry+https://github.com/rust-lang/crates.io-index"
checksum = "3f316c4a2570ba26bbec722032c4099d8c8bc095efccdc15688708623367e358"
dependencies = [
 "proc-macro2",
 "quote",
 "syn",
]

[[package]]
name = "windows-link"
version = "0.1.3"
source = "registry+https://github.com/rust-lang/crates.io-index"
checksum = "5e6ad25900d524eaabdbbb96d20b4311e1e7ae1699af4fb28c17ae66c80d798a"

[[package]]
name = "windows-link"
version = "0.2.1"
source = "registry+https://github.com/rust-lang/crates.io-index"
checksum = "f0805222e57f7521d6a62e36fa9163bc891acd422f971defe97d64e70d0a4fe5"

[[package]]
name = "windows-numerics"
version = "0.2.0"
source = "registry+https://github.com/rust-lang/crates.io-index"
checksum = "9150af68066c4c5c07ddc0ce30421554771e528bde427614c61038bc2c92c2b1"
dependencies = [
 "windows-core 0.61.2",
 "windows-link 0.1.3",
]

[[package]]
name = "windows-result"
version = "0.3.4"
source = "registry+https://github.com/rust-lang/crates.io-index"
checksum = "56f42bd332cc6c8eac5af113fc0c1fd6a8fd2aa08a0119358686e5160d0586c6"
dependencies = [
 "windows-link 0.1.3",
]

[[package]]
name = "windows-result"
version = "0.4.1"
source = "registry+https://github.com/rust-lang/crates.io-index"
checksum = "7781fa89eaf60850ac3d2da7af8e5242a5ea78d1a11c49bf2910bb5a73853eb5"
dependencies = [
 "windows-link 0.2.1",
]

[[package]]
name = "windows-strings"
version = "0.4.2"
source = "registry+https://github.com/rust-lang/crates.io-index"
checksum = "56e6c93f3a0c3b36176cb1327a4958a0353d5d166c2a35cb268ace15e91d3b57"
dependencies = [
 "windows-link 0.1.3",
]

[[package]]
name = "windows-strings"
version = "0.5.1"
source = "registry+https://github.com/rust-lang/crates.io-index"
checksum = "7837d08f69c77cf6b07689544538e017c1bfcf57e34b4c0ff58e6c2cd3b37091"
dependencies = [
 "windows-link 0.2.1",
]

[[package]]
name = "windows-sys"
version = "0.59.0"
source = "registry+https://github.com/rust-lang/crates.io-index"
checksum = "1e38bc4d79ed67fd075bcc251a1c39b32a1776bbe92e5bef1f0bf1f8c531853b"
dependencies = [
 "windows-targets",
]

[[package]]
name = "windows-sys"
version = "0.61.2"
source = "registry+https://github.com/rust-lang/crates.io-index"
checksum = "ae137229bcbd6cdf0f7b80a31df61766145077ddf49416a728b02cb3921ff3fc"
dependencies = [
 "windows-link 0.2.1",
]

[[package]]
name = "windows-targets"
version = "0.52.6"
source = "registry+https://github.com/rust-lang/crates.io-index"
checksum = "9b724f72796e036ab90c1021d4780d4d3d648aca59e491e6b98e725b84e99973"
dependencies = [
 "windows_aarch64_gnullvm",
 "windows_aarch64_msvc",
 "windows_i686_gnu",
 "windows_i686_gnullvm",
 "windows_i686_msvc",
 "windows_x86_64_gnu",
 "windows_x86_64_gnullvm",
 "windows_x86_64_msvc",
]

[[package]]
name = "windows-threading"
version = "0.1.0"
source = "registry+https://github.com/rust-lang/crates.io-index"
checksum = "b66463ad2e0ea3bbf808b7f1d371311c80e115c0b71d60efc142cafbcfb057a6"
dependencies = [
 "windows-link 0.1.3",
]

[[package]]
name = "windows_aarch64_gnullvm"
version = "0.52.6"
source = "registry+https://github.com/rust-lang/crates.io-index"
checksum = "32a4622180e7a0ec044bb555404c800bc9fd9ec262ec147edd5989ccd0c02cd3"

[[package]]
name = "windows_aarch64_msvc"
version = "0.52.6"
source = "registry+https://github.com/rust-lang/crates.io-index"
checksum = "09ec2a7bb152e2252b53fa7803150007879548bc709c039df7627cabbd05d469"

[[package]]
name = "windows_i686_gnu"
version = "0.52.6"
source = "registry+https://github.com/rust-lang/crates.io-index"
checksum = "8e9b5ad5ab802e97eb8e295ac6720e509ee4c243f69d781394014ebfe8bbfa0b"

[[package]]
name = "windows_i686_gnullvm"
version = "0.52.6"
source = "registry+https://github.com/rust-lang/crates.io-index"
checksum = "0eee52d38c090b3caa76c563b86c3a4bd71ef1a819287c19d586d7334ae8ed66"

[[package]]
name = "windows_i686_msvc"
version = "0.52.6"
source = "registry+https://github.com/rust-lang/crates.io-index"
checksum = "240948bc05c5e7c6dabba28bf89d89ffce3e303022809e73deaefe4f6ec56c66"

[[package]]
name = "windows_x86_64_gnu"
version = "0.52.6"
source = "registry+https://github.com/rust-lang/crates.io-index"
checksum = "147a5c80aabfbf0c7d901cb5895d1de30ef2907eb21fbbab29ca94c5b08b1a78"

[[package]]
name = "windows_x86_64_gnullvm"
version = "0.52.6"
source = "registry+https://github.com/rust-lang/crates.io-index"
checksum = "24d5b23dc417412679681396f2b49f3de8c1473deb516bd34410872eff51ed0d"

[[package]]
name = "windows_x86_64_msvc"
version = "0.52.6"
source = "registry+https://github.com/rust-lang/crates.io-index"
checksum = "589f6da84c646204747d1270a2a5661ea66ed1cced2631d546fdfb155959f9ec"

[[package]]
name = "winnow"
version = "1.0.1"
source = "registry+https://github.com/rust-lang/crates.io-index"
checksum = "09dac053f1cd375980747450bfc7250c264eaae0583872e845c0c7cd578872b5"
dependencies = [
 "memchr",
]

[[package]]
name = "zune-core"
version = "0.5.1"
source = "registry+https://github.com/rust-lang/crates.io-index"
checksum = "cb8a0807f7c01457d0379ba880ba6322660448ddebc890ce29bb64da71fb40f9"

[[package]]
name = "zune-jpeg"
version = "0.5.15"
source = "registry+https://github.com/rust-lang/crates.io-index"
checksum = "27bc9d5b815bc103f142aa054f561d9187d191692ec7c2d1e2b4737f8dbd7296"
dependencies = [
 "zune-core",
]
